
Microsoft Visual Studio Solution File, Format Version 12.00
# Visual Studio 15
VisualStudioVersion = 15.0.28010.2041
MinimumVisualStudioVersion = 10.0.40219.1
Project("{9A19103F-16F7-4668-BE54-9A1E7A4F7556}") = "DemoServer", "DemoServer\DemoServer.csproj", "{AC1702B1-3245-48B8-9194-415F6140C3CE}"
EndProject
Global
	GlobalSection(SolutionConfigurationPlatforms) = preSolution
		Debug|Any CPU = Debug|Any CPU
		Release|Any CPU = Release|Any CPU
	EndGlobalSection
	GlobalSection(ProjectConfigurationPlatforms) = postSolution
		{AC1702B1-3245-48B8-9194-415F6140C3CE}.Debug|Any CPU.ActiveCfg = Debug|Any CPU
		{AC1702B1-3245-48B8-9194-415F6140C3CE}.Debug|Any CPU.Build.0 = Debug|Any CPU
		{AC1702B1-3245-48B8-9194-415F6140C3CE}.Release|Any CPU.ActiveCfg = Release|Any CPU
		{AC1702B1-3245-48B8-9194-415F6140C3CE}.Release|Any CPU.Build.0 = Release|Any CPU
	EndGlobalSection
	GlobalSection(SolutionProperties) = preSolution
		HideSolutionNode = FALSE
	EndGlobalSection
	GlobalSection(ExtensibilityGlobals) = postSolution
		SolutionGuid = {84A6A4A6-EB24-4CDF-97BC-5FE2914FC6D7}
	EndGlobalSection
EndGlobal
